// !$*UTF8*$!
{
	archiveVersion = 1;
	classes = {
	};
	objectVersion = 46;
	objects = {

/* Begin PBXBuildFile section */
		81BC9F122A914E9C98DCB45B /* libPods.a in Frameworks */ = {isa = PBXBuildFile; fileRef = 540F069851A64E8999284DA1 /* libPods.a */; };
		DB070C05193240030018D521 /* Foundation.framework in Frameworks */ = {isa = PBXBuildFile; fileRef = DB070C04193240030018D521 /* Foundation.framework */; };
		DB070C07193240030018D521 /* CoreGraphics.framework in Frameworks */ = {isa = PBXBuildFile; fileRef = DB070C06193240030018D521 /* CoreGraphics.framework */; };
		DB070C09193240030018D521 /* UIKit.framework in Frameworks */ = {isa = PBXBuildFile; fileRef = DB070C08193240030018D521 /* UIKit.framework */; };
		DB070C0F193240030018D521 /* InfoPlist.strings in Resources */ = {isa = PBXBuildFile; fileRef = DB070C0D193240030018D521 /* InfoPlist.strings */; };
		DB070C11193240030018D521 /* main.m in Sources */ = {isa = PBXBuildFile; fileRef = DB070C10193240030018D521 /* main.m */; };
		DB070C15193240030018D521 /* AppDelegate.m in Sources */ = {isa = PBXBuildFile; fileRef = DB070C14193240030018D521 /* AppDelegate.m */; };
		DB070C18193240030018D521 /* Main.storyboard in Resources */ = {isa = PBXBuildFile; fileRef = DB070C16193240030018D521 /* Main.storyboard */; };
		DB070C1D193240030018D521 /* Images.xcassets in Resources */ = {isa = PBXBuildFile; fileRef = DB070C1C193240030018D521 /* Images.xcassets */; };
		DB070C24193240040018D521 /* XCTest.framework in Frameworks */ = {isa = PBXBuildFile; fileRef = DB070C23193240040018D521 /* XCTest.framework */; };
		DB070C25193240040018D521 /* Foundation.framework in Frameworks */ = {isa = PBXBuildFile; fileRef = DB070C04193240030018D521 /* Foundation.framework */; };
		DB070C26193240040018D521 /* UIKit.framework in Frameworks */ = {isa = PBXBuildFile; fileRef = DB070C08193240030018D521 /* UIKit.framework */; };
		DB070C2E193240040018D521 /* InfoPlist.strings in Resources */ = {isa = PBXBuildFile; fileRef = DB070C2C193240040018D521 /* InfoPlist.strings */; };
		DB070C30193240040018D521 /* FMSKitTests.m in Sources */ = {isa = PBXBuildFile; fileRef = DB070C2F193240040018D521 /* FMSKitTests.m */; };
		DB81CBC9193E13A20026F559 /* ViewController.m in Sources */ = {isa = PBXBuildFile; fileRef = DB81CBC8193E13A20026F559 /* ViewController.m */; };
/* End PBXBuildFile section */

/* Begin PBXContainerItemProxy section */
		DB070C27193240040018D521 /* PBXContainerItemProxy */ = {
			isa = PBXContainerItemProxy;
			containerPortal = DB070BF9193240030018D521 /* Project object */;
			proxyType = 1;
			remoteGlobalIDString = DB070C00193240030018D521;
			remoteInfo = FMSKit;
		};
/* End PBXContainerItemProxy section */

/* Begin PBXFileReference section */
		540F069851A64E8999284DA1 /* libPods.a */ = {isa = PBXFileReference; explicitFileType = archive.ar; includeInIndex = 0; path = libPods.a; sourceTree = BUILT_PRODUCTS_DIR; };
		DB070C01193240030018D521 /* FMSKit.app */ = {isa = PBXFileReference; explicitFileType = wrapper.application; includeInIndex = 0; path = FMSKit.app; sourceTree = BUILT_PRODUCTS_DIR; };
		DB070C04193240030018D521 /* Foundation.framework */ = {isa = PBXFileReference; lastKnownFileType = wrapper.framework; name = Foundation.framework; path = System/Library/Frameworks/Foundation.framework; sourceTree = SDKROOT; };
		DB070C06193240030018D521 /* CoreGraphics.framework */ = {isa = PBXFileReference; lastKnownFileType = wrapper.framework; name = CoreGraphics.framework; path = System/Library/Frameworks/CoreGraphics.framework; sourceTree = SDKROOT; };
		DB070C08193240030018D521 /* UIKit.framework */ = {isa = PBXFileReference; lastKnownFileType = wrapper.framework; name = UIKit.framework; path = System/Library/Frameworks/UIKit.framework; sourceTree = SDKROOT; };
		DB070C0C193240030018D521 /* FMSKit-Info.plist */ = {isa = PBXFileReference; lastKnownFileType = text.plist.xml; path = "FMSKit-Info.plist"; sourceTree = "<group>"; };
		DB070C0E193240030018D521 /* en */ = {isa = PBXFileReference; lastKnownFileType = text.plist.strings; name = en; path = en.lproj/InfoPlist.strings; sourceTree = "<group>"; };
		DB070C10193240030018D521 /* main.m */ = {isa = PBXFileReference; lastKnownFileType = sourcecode.c.objc; path = main.m; sourceTree = "<group>"; };
		DB070C12193240030018D521 /* FMSKit-Prefix.pch */ = {isa = PBXFileReference; lastKnownFileType = sourcecode.c.h; path = "FMSKit-Prefix.pch"; sourceTree = "<group>"; };
		DB070C13193240030018D521 /* AppDelegate.h */ = {isa = PBXFileReference; lastKnownFileType = sourcecode.c.h; path = AppDelegate.h; sourceTree = "<group>"; };
		DB070C14193240030018D521 /* AppDelegate.m */ = {isa = PBXFileReference; lastKnownFileType = sourcecode.c.objc; path = AppDelegate.m; sourceTree = "<group>"; };
		DB070C17193240030018D521 /* Base */ = {isa = PBXFileReference; lastKnownFileType = file.storyboard; name = Base; path = Base.lproj/Main.storyboard; sourceTree = "<group>"; };
		DB070C1C193240030018D521 /* Images.xcassets */ = {isa = PBXFileReference; lastKnownFileType = folder.assetcatalog; path = Images.xcassets; sourceTree = "<group>"; };
		DB070C22193240040018D521 /* FMSKitTests.xctest */ = {isa = PBXFileReference; explicitFileType = wrapper.cfbundle; includeInIndex = 0; path = FMSKitTests.xctest; sourceTree = BUILT_PRODUCTS_DIR; };
		DB070C23193240040018D521 /* XCTest.framework */ = {isa = PBXFileReference; lastKnownFileType = wrapper.framework; name = XCTest.framework; path = Library/Frameworks/XCTest.framework; sourceTree = DEVELOPER_DIR; };
		DB070C2B193240040018D521 /* FMSKitTests-Info.plist */ = {isa = PBXFileReference; lastKnownFileType = text.plist.xml; path = "FMSKitTests-Info.plist"; sourceTree = "<group>"; };
		DB070C2D193240040018D521 /* en */ = {isa = PBXFileReference; lastKnownFileType = text.plist.strings; name = en; path = en.lproj/InfoPlist.strings; sourceTree = "<group>"; };
		DB070C2F193240040018D521 /* FMSKitTests.m */ = {isa = PBXFileReference; lastKnownFileType = sourcecode.c.objc; path = FMSKitTests.m; sourceTree = "<group>"; };
		DB81CBC7193E13A20026F559 /* ViewController.h */ = {isa = PBXFileReference; fileEncoding = 4; lastKnownFileType = sourcecode.c.h; path = ViewController.h; sourceTree = "<group>"; };
		DB81CBC8193E13A20026F559 /* ViewController.m */ = {isa = PBXFileReference; fileEncoding = 4; lastKnownFileType = sourcecode.c.objc; path = ViewController.m; sourceTree = "<group>"; };
		F1C7813F91D64DB2B749DE7A /* Pods.xcconfig */ = {isa = PBXFileReference; includeInIndex = 1; lastKnownFileType = text.xcconfig; name = Pods.xcconfig; path = Pods/Pods.xcconfig; sourceTree = "<group>"; };
/* End PBXFileReference section */

/* Begin PBXFrameworksBuildPhase section */
		DB070BFE193240030018D521 /* Frameworks */ = {
			isa = PBXFrameworksBuildPhase;
			buildActionMask = 2147483647;
			files = (
				DB070C07193240030018D521 /* CoreGraphics.framework in Frameworks */,
				DB070C09193240030018D521 /* UIKit.framework in Frameworks */,
				DB070C05193240030018D521 /* Foundation.framework in Frameworks */,
				81BC9F122A914E9C98DCB45B /* libPods.a in Frameworks */,
			);
			runOnlyForDeploymentPostprocessing = 0;
		};
		DB070C1F193240040018D521 /* Frameworks */ = {
			isa = PBXFrameworksBuildPhase;
			buildActionMask = 2147483647;
			files = (
				DB070C24193240040018D521 /* XCTest.framework in Frameworks */,
				DB070C26193240040018D521 /* UIKit.framework in Frameworks */,
				DB070C25193240040018D521 /* Foundation.framework in Frameworks */,
			);
			runOnlyForDeploymentPostprocessing = 0;
		};
/* End PBXFrameworksBuildPhase section */

/* Begin PBXGroup section */
		DB070BF8193240030018D521 = {
			isa = PBXGroup;
			children = (
				DB070C0A193240030018D521 /* FMSKit */,
				DB070C29193240040018D521 /* FMSKitTests */,
				DB070C03193240030018D521 /* Frameworks */,
				DB070C02193240030018D521 /* Products */,
				F1C7813F91D64DB2B749DE7A /* Pods.xcconfig */,
			);
			sourceTree = "<group>";
		};
		DB070C02193240030018D521 /* Products */ = {
			isa = PBXGroup;
			children = (
				DB070C01193240030018D521 /* FMSKit.app */,
				DB070C22193240040018D521 /* FMSKitTests.xctest */,
			);
			name = Products;
			sourceTree = "<group>";
		};
		DB070C03193240030018D521 /* Frameworks */ = {
			isa = PBXGroup;
			children = (
				DB070C04193240030018D521 /* Foundation.framework */,
				DB070C06193240030018D521 /* CoreGraphics.framework */,
				DB070C08193240030018D521 /* UIKit.framework */,
				DB070C23193240040018D521 /* XCTest.framework */,
				540F069851A64E8999284DA1 /* libPods.a */,
			);
			name = Frameworks;
			sourceTree = "<group>";
		};
		DB070C0A193240030018D521 /* FMSKit */ = {
			isa = PBXGroup;
			children = (
				DB070C13193240030018D521 /* AppDelegate.h */,
				DB070C14193240030018D521 /* AppDelegate.m */,
				DB070C16193240030018D521 /* Main.storyboard */,
				DB81CBC7193E13A20026F559 /* ViewController.h */,
				DB81CBC8193E13A20026F559 /* ViewController.m */,
				DB070C1C193240030018D521 /* Images.xcassets */,
				DB070C0B193240030018D521 /* Supporting Files */,
			);
			path = FMSKit;
			sourceTree = "<group>";
		};
		DB070C0B193240030018D521 /* Supporting Files */ = {
			isa = PBXGroup;
			children = (
				DB070C0C193240030018D521 /* FMSKit-Info.plist */,
				DB070C0D193240030018D521 /* InfoPlist.strings */,
				DB070C10193240030018D521 /* main.m */,
				DB070C12193240030018D521 /* FMSKit-Prefix.pch */,
			);
			name = "Supporting Files";
			sourceTree = "<group>";
		};
		DB070C29193240040018D521 /* FMSKitTests */ = {
			isa = PBXGroup;
			children = (
				DB070C2F193240040018D521 /* FMSKitTests.m */,
				DB070C2A193240040018D521 /* Supporting Files */,
			);
			path = FMSKitTests;
			sourceTree = "<group>";
		};
		DB070C2A193240040018D521 /* Supporting Files */ = {
			isa = PBXGroup;
			children = (
				DB070C2B193240040018D521 /* FMSKitTests-Info.plist */,
				DB070C2C193240040018D521 /* InfoPlist.strings */,
			);
			name = "Supporting Files";
			sourceTree = "<group>";
		};
/* End PBXGroup section */

/* Begin PBXNativeTarget section */
		DB070C00193240030018D521 /* FMSKit */ = {
			isa = PBXNativeTarget;
			buildConfigurationList = DB070C33193240040018D521 /* Build configuration list for PBXNativeTarget "FMSKit" */;
			buildPhases = (
				D72628430663452FAA8829E4 /* Check Pods Manifest.lock */,
				DB070BFD193240030018D521 /* Sources */,
				DB070BFE193240030018D521 /* Frameworks */,
				DB070BFF193240030018D521 /* Resources */,
				C91E026EED5640018E5F125E /* Copy Pods Resources */,
			);
			buildRules = (
			);
			dependencies = (
			);
			name = FMSKit;
			productName = FMSKit;
			productReference = DB070C01193240030018D521 /* FMSKit.app */;
			productType = "com.apple.product-type.application";
		};
		DB070C21193240040018D521 /* FMSKitTests */ = {
			isa = PBXNativeTarget;
			buildConfigurationList = DB070C36193240040018D521 /* Build configuration list for PBXNativeTarget "FMSKitTests" */;
			buildPhases = (
				DB070C1E193240040018D521 /* Sources */,
				DB070C1F193240040018D521 /* Frameworks */,
				DB070C20193240040018D521 /* Resources */,
			);
			buildRules = (
			);
			dependencies = (
				DB070C28193240040018D521 /* PBXTargetDependency */,
			);
			name = FMSKitTests;
			productName = FMSKitTests;
			productReference = DB070C22193240040018D521 /* FMSKitTests.xctest */;
			productType = "com.apple.product-type.bundle.unit-test";
		};
/* End PBXNativeTarget section */

/* Begin PBXProject section */
		DB070BF9193240030018D521 /* Project object */ = {
			isa = PBXProject;
			attributes = {
				LastUpgradeCheck = 0510;
				ORGANIZATIONNAME = "Frank Michael Sanchez";
				TargetAttributes = {
					DB070C21193240040018D521 = {
						TestTargetID = DB070C00193240030018D521;
					};
				};
			};
			buildConfigurationList = DB070BFC193240030018D521 /* Build configuration list for PBXProject "FMSKit" */;
			compatibilityVersion = "Xcode 3.2";
			developmentRegion = English;
			hasScannedForEncodings = 0;
			knownRegions = (
				en,
				Base,
			);
			mainGroup = DB070BF8193240030018D521;
			productRefGroup = DB070C02193240030018D521 /* Products */;
			projectDirPath = "";
			projectRoot = "";
			targets = (
				DB070C00193240030018D521 /* FMSKit */,
				DB070C21193240040018D521 /* FMSKitTests */,
			);
		};
/* End PBXProject section */

/* Begin PBXResourcesBuildPhase section */
		DB070BFF193240030018D521 /* Resources */ = {
			isa = PBXResourcesBuildPhase;
			buildActionMask = 2147483647;
			files = (
				DB070C1D193240030018D521 /* Images.xcassets in Resources */,
				DB070C0F193240030018D521 /* InfoPlist.strings in Resources */,
				DB070C18193240030018D521 /* Main.storyboard in Resources */,
			);
			runOnlyForDeploymentPostprocessing = 0;
		};
		DB070C20193240040018D521 /* Resources */ = {
			isa = PBXResourcesBuildPhase;
			buildActionMask = 2147483647;
			files = (
				DB070C2E193240040018D521 /* InfoPlist.strings in Resources */,
			);
			runOnlyForDeploymentPostprocessing = 0;
		};
/* End PBXResourcesBuildPhase section */

/* Begin PBXShellScriptBuildPhase section */
		C91E026EED5640018E5F125E /* Copy Pods Resources */ = {
			isa = PBXShellScriptBuildPhase;
			buildActionMask = 2147483647;
			files = (
			);
			inputPaths = (
			);
			name = "Copy Pods Resources";
			outputPaths = (
			);
			runOnlyForDeploymentPostprocessing = 0;
			shellPath = /bin/sh;
			shellScript = "\"${SRCROOT}/Pods/Pods-resources.sh\"\n";
			showEnvVarsInLog = 0;
		};
		D72628430663452FAA8829E4 /* Check Pods Manifest.lock */ = {
			isa = PBXShellScriptBuildPhase;
			buildActionMask = 2147483647;
			files = (
			);
			inputPaths = (
			);
			name = "Check Pods Manifest.lock";
			outputPaths = (
			);
			runOnlyForDeploymentPostprocessing = 0;
			shellPath = /bin/sh;
			shellScript = "diff \"${PODS_ROOT}/../Podfile.lock\" \"${PODS_ROOT}/Manifest.lock\" > /dev/null\nif [[ $? != 0 ]] ; then\n    cat << EOM\nerror: The sandbox is not in sync with the Podfile.lock. Run 'pod install' or update your CocoaPods installation.\nEOM\n    exit 1\nfi\n";
			showEnvVarsInLog = 0;
		};
/* End PBXShellScriptBuildPhase section */

/* Begin PBXSourcesBuildPhase section */
		DB070BFD193240030018D521 /* Sources */ = {
			isa = PBXSourcesBuildPhase;
			buildActionMask = 2147483647;
			files = (
				DB81CBC9193E13A20026F559 /* ViewController.m in Sources */,
				DB070C15193240030018D521 /* AppDelegate.m in Sources */,
				DB070C11193240030018D521 /* main.m in Sources */,
			);
			runOnlyForDeploymentPostprocessing = 0;
		};
		DB070C1E193240040018D521 /* Sources */ = {
			isa = PBXSourcesBuildPhase;
			buildActionMask = 2147483647;
			files = (
				DB070C30193240040018D521 /* FMSKitTests.m in Sources */,
			);
			runOnlyForDeploymentPostprocessing = 0;
		};
/* End PBXSourcesBuildPhase section */

/* Begin PBXTargetDependency section */
		DB070C28193240040018D521 /* PBXTargetDependency */ = {
			isa = PBXTargetDependency;
			target = DB070C00193240030018D521 /* FMSKit */;
			targetProxy = DB070C27193240040018D521 /* PBXContainerItemProxy */;
		};
/* End PBXTargetDependency section */

/* Begin PBXVariantGroup section */
		DB070C0D193240030018D521 /* InfoPlist.strings */ = {
			isa = PBXVariantGroup;
			children = (
				DB070C0E193240030018D521 /* en */,
			);
			name = InfoPlist.strings;
			sourceTree = "<group>";
		};
		DB070C16193240030018D521 /* Main.storyboard */ = {
			isa = PBXVariantGroup;
			children = (
				DB070C17193240030018D521 /* Base */,
			);
			name = Main.storyboard;
			sourceTree = "<group>";
		};
		DB070C2C193240040018D521 /* InfoPlist.strings */ = {
			isa = PBXVariantGroup;
			children = (
				DB070C2D193240040018D521 /* en */,
			);
			name = InfoPlist.strings;
			sourceTree = "<group>";
		};
/* End PBXVariantGroup section */

/* Begin XCBuildConfiguration section */
		DB070C31193240040018D521 /* Debug */ = {
			isa = XCBuildConfiguration;
			buildSettings = {
				ALWAYS_SEARCH_USER_PATHS = NO;
				CLANG_CXX_LANGUAGE_STANDARD = "gnu++0x";
				CLANG_CXX_LIBRARY = "libc++";
				CLANG_ENABLE_MODULES = YES;
				CLANG_ENABLE_OBJC_ARC = YES;
				CLANG_WARN_BOOL_CONVERSION = YES;
				CLANG_WARN_CONSTANT_CONVERSION = YES;
				CLANG_WARN_DIRECT_OBJC_ISA_USAGE = YES_ERROR;
				CLANG_WARN_EMPTY_BODY = YES;
				CLANG_WARN_ENUM_CONVERSION = YES;
				CLANG_WARN_INT_CONVERSION = YES;
				CLANG_WARN_OBJC_ROOT_CLASS = YES_ERROR;
				CLANG_WARN__DUPLICATE_METHOD_MATCH = YES;
				"CODE_SIGN_IDENTITY[sdk=iphoneos*]" = "iPhone Developer";
				COPY_PHASE_STRIP = NO;
				GCC_C_LANGUAGE_STANDARD = gnu99;
				GCC_DYNAMIC_NO_PIC = NO;
				GCC_OPTIMIZATION_LEVEL = 0;
				GCC_PREPROCESSOR_DEFINITIONS = (
					"DEBUG=1",
					"$(inherited)",
				);
				GCC_SYMBOLS_PRIVATE_EXTERN = NO;
				GCC_WARN_64_TO_32_BIT_CONVERSION = YES;
				GCC_WARN_ABOUT_RETURN_TYPE = YES_ERROR;
				GCC_WARN_UNDECLARED_SELECTOR = YES;
				GCC_WARN_UNINITIALIZED_AUTOS = YES_AGGRESSIVE;
				GCC_WARN_UNUSED_FUNCTION = YES;
				GCC_WARN_UNUSED_VARIABLE = YES;
				IPHONEOS_DEPLOYMENT_TARGET = 7.1;
				ONLY_ACTIVE_ARCH = YES;
				SDKROOT = iphoneos;
			};
			name = Debug;
		};
		DB070C32193240040018D521 /* Release */ = {
			isa = XCBuildConfiguration;
			buildSettings = {
				ALWAYS_SEARCH_USER_PATHS = NO;
				CLANG_CXX_LANGUAGE_STANDARD = "gnu++0x";
				CLANG_CXX_LIBRARY = "libc++";
				CLANG_ENABLE_MODULES = YES;
				CLANG_ENABLE_OBJC_ARC = YES;
				CLANG_WARN_BOOL_CONVERSION = YES;
				CLANG_WARN_CONSTANT_CONVERSION = YES;
				CLANG_WARN_DIRECT_OBJC_ISA_USAGE = YES_ERROR;
				CLANG_WARN_EMPTY_BODY = YES;
				CLANG_WARN_ENUM_CONVERSION = YES;
				CLANG_WARN_INT_CONVERSION = YES;
				CLANG_WARN_OBJC_ROOT_CLASS = YES_ERROR;
				CLANG_WARN__DUPLICATE_METHOD_MATCH = YES;
				"CODE_SIGN_IDENTITY[sdk=iphoneos*]" = "iPhone Developer";
				COPY_PHASE_STRIP = YES;
				ENABLE_NS_ASSERTIONS = NO;
				GCC_C_LANGUAGE_STANDARD = gnu99;
				GCC_WARN_64_TO_32_BIT_CONVERSION = YES;
				GCC_WARN_ABOUT_RETURN_TYPE = YES_ERROR;
				GCC_WARN_UNDECLARED_SELECTOR = YES;
				GCC_WARN_UNINITIALIZED_AUTOS = YES_AGGRESSIVE;
				GCC_WARN_UNUSED_FUNCTION = YES;
				GCC_WARN_UNUSED_VARIABLE = YES;
				IPHONEOS_DEPLOYMENT_TARGET = 7.1;
				SDKROOT = iphoneos;
				VALIDATE_PRODUCT = YES;
			};
			name = Release;
		};
		DB070C34193240040018D521 /* Debug */ = {
			isa = XCBuildConfiguration;
			baseConfigurationReference = F1C7813F91D64DB2B749DE7A /* Pods.xcconfig */;
			buildSettings = {
				ASSETCATALOG_COMPILER_APPICON_NAME = AppIcon;
				ASSETCATALOG_COMPILER_LAUNCHIMAGE_NAME = LaunchImage;
				GCC_PRECOMPILE_PREFIX_HEADER = YES;
				GCC_PREFIX_HEADER = "FMSKit/FMSKit-Prefix.pch";
				INFOPLIST_FILE = "FMSKit/FMSKit-Info.plist";
				PRODUCT_NAME = "$(TARGET_NAME)";
				WRAPPER_EXTENSION = app;
			};
			name = Debug;
		};
		DB070C35193240040018D521 /* Release */ = {
			isa = XCBuildConfiguration;
			baseConfigurationReference = F1C7813F91D64DB2B749DE7A /* Pods.xcconfig */;
			buildSettings = {
				ASSETCATALOG_COMPILER_APPICON_NAME = AppIcon;
				ASSETCATALOG_COMPILER_LAUNCHIMAGE_NAME = LaunchImage;
				GCC_PRECOMPILE_PREFIX_HEADER = YES;
				GCC_PREFIX_HEADER = "FMSKit/FMSKit-Prefix.pch";
				INFOPLIST_FILE = "FMSKit/FMSKit-Info.plist";
				PRODUCT_NAME = "$(TARGET_NAME)";
				WRAPPER_EXTENSION = app;
			};
			name = Release;
		};
		DB070C37193240040018D521 /* Debug */ = {
			isa = XCBuildConfiguration;
			buildSettings = {
				BUNDLE_LOADER = "$(BUILT_PRODUCTS_DIR)/FMSKit.app/FMSKit";
				FRAMEWORK_SEARCH_PATHS = (
					"$(SDKROOT)/Developer/Library/Frameworks",
					"$(inherited)",
					"$(DEVELOPER_FRAMEWORKS_DIR)",
				);
				GCC_PRECOMPILE_PREFIX_HEADER = YES;
				GCC_PREFIX_HEADER = "FMSKit/FMSKit-Prefix.pch";
				GCC_PREPROCESSOR_DEFINITIONS = (
					"DEBUG=1",
					"$(inherited)",
				);
				INFOPLIST_FILE = "FMSKitTests/FMSKitTests-Info.plist";
				PRODUCT_NAME = "$(TARGET_NAME)";
				TEST_HOST = "$(BUNDLE_LOADER)";
				WRAPPER_EXTENSION = xctest;
			};
			name = Debug;
		};
		DB070C38193240040018D521 /* Release */ = {
			isa = XCBuildConfiguration;
			buildSettings = {
				BUNDLE_LOADER = "$(BUILT_PRODUCTS_DIR)/FMSKit.app/FMSKit";
				FRAMEWORK_SEARCH_PATHS = (
					"$(SDKROOT)/Developer/Library/Frameworks",
					"$(inherited)",
					"$(DEVELOPER_FRAMEWORKS_DIR)",
				);
				GCC_PRECOMPILE_PREFIX_HEADER = YES;
				GCC_PREFIX_HEADER = "FMSKit/FMSKit-Prefix.pch";
				INFOPLIST_FILE = "FMSKitTests/FMSKitTests-Info.plist";
				PRODUCT_NAME = "$(TARGET_NAME)";
				TEST_HOST = "$(BUNDLE_LOADER)";
				WRAPPER_EXTENSION = xctest;
			};
			name = Release;
		};
/* End XCBuildConfiguration section */

/* Begin XCConfigurationList section */
		DB070BFC193240030018D521 /* Build configuration list for PBXProject "FMSKit" */ = {
			isa = XCConfigurationList;
			buildConfigurations = (
				DB070C31193240040018D521 /* Debug */,
				DB070C32193240040018D521 /* Release */,
			);
			defaultConfigurationIsVisible = 0;
			defaultConfigurationName = Release;
		};
		DB070C33193240040018D521 /* Build configuration list for PBXNativeTarget "FMSKit" */ = {
			isa = XCConfigurationList;
			buildConfigurations = (
				DB070C34193240040018D521 /* Debug */,
				DB070C35193240040018D521 /* Release */,
			);
			defaultConfigurationIsVisible = 0;
			defaultConfigurationName = Release;
		};
		DB070C36193240040018D521 /* Build configuration list for PBXNativeTarget "FMSKitTests" */ = {
			isa = XCConfigurationList;
			buildConfigurations = (
				DB070C37193240040018D521 /* Debug */,
				DB070C38193240040018D521 /* Release */,
			);
			defaultConfigurationIsVisible = 0;
			defaultConfigurationName = Release;
		};
/* End XCConfigurationList section */
	};
	rootObject = DB070BF9193240030018D521 /* Project object */;
}
